// !$*UTF8*$!
{
	archiveVersion = 1;
	classes = {
	};
	objectVersion = 55;
	objects = {

/* Begin PBXBuildFile section */
		6602D6E0284C549D00F36C13 /* WeatherCell.swift in Sources */ = {isa = PBXBuildFile; fileRef = 6602D6DF284C549D00F36C13 /* WeatherCell.swift */; };
		6602D6E3284DA83100F36C13 /* Webservice.swift in Sources */ = {isa = PBXBuildFile; fileRef = 6602D6E2284DA83100F36C13 /* Webservice.swift */; };
		6602D6E6284DB12F00F36C13 /* WeatherResponse.swift in Sources */ = {isa = PBXBuildFile; fileRef = 6602D6E5284DB12F00F36C13 /* WeatherResponse.swift */; };
		6602D6E9284DB40400F36C13 /* AddWeatherViewModel.swift in Sources */ = {isa = PBXBuildFile; fileRef = 6602D6E8284DB40400F36C13 /* AddWeatherViewModel.swift */; };
		66112622284BE5C000F60DE0 /* AppDelegate.swift in Sources */ = {isa = PBXBuildFile; fileRef = 66112621284BE5C000F60DE0 /* AppDelegate.swift */; };
		66112624284BE5C000F60DE0 /* SceneDelegate.swift in Sources */ = {isa = PBXBuildFile; fileRef = 66112623284BE5C000F60DE0 /* SceneDelegate.swift */; };
		66112629284BE5C000F60DE0 /* Main.storyboard in Resources */ = {isa = PBXBuildFile; fileRef = 66112627284BE5C000F60DE0 /* Main.storyboard */; };
		6611262B284BE5C100F60DE0 /* Assets.xcassets in Resources */ = {isa = PBXBuildFile; fileRef = 6611262A284BE5C100F60DE0 /* Assets.xcassets */; };
		6611262E284BE5C100F60DE0 /* LaunchScreen.storyboard in Resources */ = {isa = PBXBuildFile; fileRef = 6611262C284BE5C100F60DE0 /* LaunchScreen.storyboard */; };
		66112637284C460200F60DE0 /* WeatherListTableViewController.swift in Sources */ = {isa = PBXBuildFile; fileRef = 66112636284C460200F60DE0 /* WeatherListTableViewController.swift */; };
		66112639284C462700F60DE0 /* AddWeatherCityViewController.swift in Sources */ = {isa = PBXBuildFile; fileRef = 66112638284C462700F60DE0 /* AddWeatherCityViewController.swift */; };
/* End PBXBuildFile section */

/* Begin PBXFileReference section */
		6602D6DF284C549D00F36C13 /* WeatherCell.swift */ = {isa = PBXFileReference; lastKnownFileType = sourcecode.swift; path = WeatherCell.swift; sourceTree = "<group>"; };
		6602D6E2284DA83100F36C13 /* Webservice.swift */ = {isa = PBXFileReference; lastKnownFileType = sourcecode.swift; path = Webservice.swift; sourceTree = "<group>"; };
		6602D6E5284DB12F00F36C13 /* WeatherResponse.swift */ = {isa = PBXFileReference; lastKnownFileType = sourcecode.swift; path = WeatherResponse.swift; sourceTree = "<group>"; };
		6602D6E8284DB40400F36C13 /* AddWeatherViewModel.swift */ = {isa = PBXFileReference; lastKnownFileType = sourcecode.swift; path = AddWeatherViewModel.swift; sourceTree = "<group>"; };
		6611261E284BE5C000F60DE0 /* WeatherListing.app */ = {isa = PBXFileReference; explicitFileType = wrapper.application; includeInIndex = 0; path = WeatherListing.app; sourceTree = BUILT_PRODUCTS_DIR; };
		66112621284BE5C000F60DE0 /* AppDelegate.swift */ = {isa = PBXFileReference; lastKnownFileType = sourcecode.swift; path = AppDelegate.swift; sourceTree = "<group>"; };
		66112623284BE5C000F60DE0 /* SceneDelegate.swift */ = {isa = PBXFileReference; lastKnownFileType = sourcecode.swift; path = SceneDelegate.swift; sourceTree = "<group>"; };
		66112628284BE5C000F60DE0 /* Base */ = {isa = PBXFileReference; lastKnownFileType = file.storyboard; name = Base; path = Base.lproj/Main.storyboard; sourceTree = "<group>"; };
		6611262A284BE5C100F60DE0 /* Assets.xcassets */ = {isa = PBXFileReference; lastKnownFileType = folder.assetcatalog; path = Assets.xcassets; sourceTree = "<group>"; };
		6611262D284BE5C100F60DE0 /* Base */ = {isa = PBXFileReference; lastKnownFileType = file.storyboard; name = Base; path = Base.lproj/LaunchScreen.storyboard; sourceTree = "<group>"; };
		6611262F284BE5C100F60DE0 /* Info.plist */ = {isa = PBXFileReference; lastKnownFileType = text.plist.xml; path = Info.plist; sourceTree = "<group>"; };
		66112636284C460200F60DE0 /* WeatherListTableViewController.swift */ = {isa = PBXFileReference; lastKnownFileType = sourcecode.swift; path = WeatherListTableViewController.swift; sourceTree = "<group>"; };
		66112638284C462700F60DE0 /* AddWeatherCityViewController.swift */ = {isa = PBXFileReference; lastKnownFileType = sourcecode.swift; path = AddWeatherCityViewController.swift; sourceTree = "<group>"; };
/* End PBXFileReference section */

/* Begin PBXFrameworksBuildPhase section */
		6611261B284BE5C000F60DE0 /* Frameworks */ = {
			isa = PBXFrameworksBuildPhase;
			buildActionMask = 2147483647;
			files = (
			);
			runOnlyForDeploymentPostprocessing = 0;
		};
/* End PBXFrameworksBuildPhase section */

/* Begin PBXGroup section */
		6602D6E1284DA82200F36C13 /* Services */ = {
			isa = PBXGroup;
			children = (
				6602D6E2284DA83100F36C13 /* Webservice.swift */,
			);
			path = Services;
			sourceTree = "<group>";
		};
		6602D6E4284DB11300F36C13 /* Models */ = {
			isa = PBXGroup;
			children = (
				6602D6E5284DB12F00F36C13 /* WeatherResponse.swift */,
			);
			path = Models;
			sourceTree = "<group>";
		};
		6602D6E7284DB3F600F36C13 /* View Models */ = {
			isa = PBXGroup;
			children = (
				6602D6E8284DB40400F36C13 /* AddWeatherViewModel.swift */,
			);
			path = "View Models";
			sourceTree = "<group>";
		};
		66112615284BE5C000F60DE0 = {
			isa = PBXGroup;
			children = (
				66112620284BE5C000F60DE0 /* WeatherListing */,
				6611261F284BE5C000F60DE0 /* Products */,
			);
			sourceTree = "<group>";
		};
		6611261F284BE5C000F60DE0 /* Products */ = {
			isa = PBXGroup;
			children = (
				6611261E284BE5C000F60DE0 /* WeatherListing.app */,
			);
			name = Products;
			sourceTree = "<group>";
		};
		66112620284BE5C000F60DE0 /* WeatherListing */ = {
			isa = PBXGroup;
			children = (
				6602D6E7284DB3F600F36C13 /* View Models */,
				6602D6E4284DB11300F36C13 /* Models */,
				6602D6E1284DA82200F36C13 /* Services */,
				6611263A284C528800F60DE0 /* Custom Cells */,
				66112635284C45F300F60DE0 /* Controllers */,
				66112621284BE5C000F60DE0 /* AppDelegate.swift */,
				66112623284BE5C000F60DE0 /* SceneDelegate.swift */,
				66112627284BE5C000F60DE0 /* Main.storyboard */,
				6611262A284BE5C100F60DE0 /* Assets.xcassets */,
				6611262C284BE5C100F60DE0 /* LaunchScreen.storyboard */,
				6611262F284BE5C100F60DE0 /* Info.plist */,
			);
			path = WeatherListing;
			sourceTree = "<group>";
		};
		66112635284C45F300F60DE0 /* Controllers */ = {
			isa = PBXGroup;
			children = (
				66112636284C460200F60DE0 /* WeatherListTableViewController.swift */,
				66112638284C462700F60DE0 /* AddWeatherCityViewController.swift */,
			);
			path = Controllers;
			sourceTree = "<group>";
		};
		6611263A284C528800F60DE0 /* Custom Cells */ = {
			isa = PBXGroup;
			children = (
				6602D6DF284C549D00F36C13 /* WeatherCell.swift */,
			);
			path = "Custom Cells";
			sourceTree = "<group>";
		};
/* End PBXGroup section */

/* Begin PBXNativeTarget section */
		6611261D284BE5C000F60DE0 /* WeatherListing */ = {
			isa = PBXNativeTarget;
			buildConfigurationList = 66112632284BE5C100F60DE0 /* Build configuration list for PBXNativeTarget "WeatherListing" */;
			buildPhases = (
				6611261A284BE5C000F60DE0 /* Sources */,
				6611261B284BE5C000F60DE0 /* Frameworks */,
				6611261C284BE5C000F60DE0 /* Resources */,
			);
			buildRules = (
			);
			dependencies = (
			);
			name = WeatherListing;
			productName = WeatherListing;
			productReference = 6611261E284BE5C000F60DE0 /* WeatherListing.app */;
			productType = "com.apple.product-type.application";
		};
/* End PBXNativeTarget section */

/* Begin PBXProject section */
		66112616284BE5C000F60DE0 /* Project object */ = {
			isa = PBXProject;
			attributes = {
				BuildIndependentTargetsInParallel = 1;
				LastSwiftUpdateCheck = 1340;
				LastUpgradeCheck = 1340;
				TargetAttributes = {
					6611261D284BE5C000F60DE0 = {
						CreatedOnToolsVersion = 13.4;
					};
				};
			};
			buildConfigurationList = 66112619284BE5C000F60DE0 /* Build configuration list for PBXProject "WeatherListing" */;
			compatibilityVersion = "Xcode 13.0";
			developmentRegion = en;
			hasScannedForEncodings = 0;
			knownRegions = (
				en,
				Base,
			);
			mainGroup = 66112615284BE5C000F60DE0;
			productRefGroup = 6611261F284BE5C000F60DE0 /* Products */;
			projectDirPath = "";
			projectRoot = "";
			targets = (
				6611261D284BE5C000F60DE0 /* WeatherListing */,
			);
		};
/* End PBXProject section */

/* Begin PBXResourcesBuildPhase section */
		6611261C284BE5C000F60DE0 /* Resources */ = {
			isa = PBXResourcesBuildPhase;
			buildActionMask = 2147483647;
			files = (
				6611262E284BE5C100F60DE0 /* LaunchScreen.storyboard in Resources */,
				6611262B284BE5C100F60DE0 /* Assets.xcassets in Resources */,
				66112629284BE5C000F60DE0 /* Main.storyboard in Resources */,
			);
			runOnlyForDeploymentPostprocessing = 0;
		};
/* End PBXResourcesBuildPhase section */

/* Begin PBXSourcesBuildPhase section */
		6611261A284BE5C000F60DE0 /* Sources */ = {
			isa = PBXSourcesBuildPhase;
			buildActionMask = 2147483647;
			files = (
				66112637284C460200F60DE0 /* WeatherListTableViewController.swift in Sources */,
				6602D6E9284DB40400F36C13 /* AddWeatherViewModel.swift in Sources */,
				66112622284BE5C000F60DE0 /* AppDelegate.swift in Sources */,
				6602D6E3284DA83100F36C13 /* Webservice.swift in Sources */,
				6602D6E6284DB12F00F36C13 /* WeatherResponse.swift in Sources */,
				6602D6E0284C549D00F36C13 /* WeatherCell.swift in Sources */,
				66112639284C462700F60DE0 /* AddWeatherCityViewController.swift in Sources */,
				66112624284BE5C000F60DE0 /* SceneDelegate.swift in Sources */,
			);
			runOnlyForDeploymentPostprocessing = 0;
		};
/* End PBXSourcesBuildPhase section */

/* Begin PBXVariantGroup section */
		66112627284BE5C000F60DE0 /* Main.storyboard */ = {
			isa = PBXVariantGroup;
			children = (
				66112628284BE5C000F60DE0 /* Base */,
			);
			name = Main.storyboard;
			sourceTree = "<group>";
		};
		6611262C284BE5C100F60DE0 /* LaunchScreen.storyboard */ = {
			isa = PBXVariantGroup;
			children = (
				6611262D284BE5C100F60DE0 /* Base */,
			);
			name = LaunchScreen.storyboard;
			sourceTree = "<group>";
		};
/* End PBXVariantGroup section */

/* Begin XCBuildConfiguration section */
		66112630284BE5C100F60DE0 /* Debug */ = {
			isa = XCBuildConfiguration;
			buildSettings = {
				ALWAYS_SEARCH_USER_PATHS = NO;
				CLANG_ANALYZER_NONNULL = YES;
				CLANG_ANALYZER_NUMBER_OBJECT_CONVERSION = YES_AGGRESSIVE;
				CLANG_CXX_LANGUAGE_STANDARD = "gnu++17";
				CLANG_ENABLE_MODULES = YES;
				CLANG_ENABLE_OBJC_ARC = YES;
				CLANG_ENABLE_OBJC_WEAK = YES;
				CLANG_WARN_BLOCK_CAPTURE_AUTORELEASING = YES;
				CLANG_WARN_BOOL_CONVERSION = YES;
				CLANG_WARN_COMMA = YES;
				CLANG_WARN_CONSTANT_CONVERSION = YES;
				CLANG_WARN_DEPRECATED_OBJC_IMPLEMENTATIONS = YES;
				CLANG_WARN_DIRECT_OBJC_ISA_USAGE = YES_ERROR;
				CLANG_WARN_DOCUMENTATION_COMMENTS = YES;
				CLANG_WARN_EMPTY_BODY = YES;
				CLANG_WARN_ENUM_CONVERSION = YES;
				CLANG_WARN_INFINITE_RECURSION = YES;
				CLANG_WARN_INT_CONVERSION = YES;
				CLANG_WARN_NON_LITERAL_NULL_CONVERSION = YES;
				CLANG_WARN_OBJC_IMPLICIT_RETAIN_SELF = YES;
				CLANG_WARN_OBJC_LITERAL_CONVERSION = YES;
				CLANG_WARN_OBJC_ROOT_CLASS = YES_ERROR;
				CLANG_WARN_QUOTED_INCLUDE_IN_FRAMEWORK_HEADER = YES;
				CLANG_WARN_RANGE_LOOP_ANALYSIS = YES;
				CLANG_WARN_STRICT_PROTOTYPES = YES;
				CLANG_WARN_SUSPICIOUS_MOVE = YES;
				CLANG_WARN_UNGUARDED_AVAILABILITY = YES_AGGRESSIVE;
				CLANG_WARN_UNREACHABLE_CODE = YES;
				CLANG_WARN__DUPLICATE_METHOD_MATCH = YES;
				COPY_PHASE_STRIP = NO;
				DEBUG_INFORMATION_FORMAT = dwarf;
				ENABLE_STRICT_OBJC_MSGSEND = YES;
				ENABLE_TESTABILITY = YES;
				GCC_C_LANGUAGE_STANDARD = gnu11;
				GCC_DYNAMIC_NO_PIC = NO;
				GCC_NO_COMMON_BLOCKS = YES;
				GCC_OPTIMIZATION_LEVEL = 0;
				GCC_PREPROCESSOR_DEFINITIONS = (
					"DEBUG=1",
					"$(inherited)",
				);
				GCC_WARN_64_TO_32_BIT_CONVERSION = YES;
				GCC_WARN_ABOUT_RETURN_TYPE = YES_ERROR;
				GCC_WARN_UNDECLARED_SELECTOR = YES;
				GCC_WARN_UNINITIALIZED_AUTOS = YES_AGGRESSIVE;
				GCC_WARN_UNUSED_FUNCTION = YES;
				GCC_WARN_UNUSED_VARIABLE = YES;
				IPHONEOS_DEPLOYMENT_TARGET = 15.5;
				MTL_ENABLE_DEBUG_INFO = INCLUDE_SOURCE;
				MTL_FAST_MATH = YES;
				ONLY_ACTIVE_ARCH = YES;
				SDKROOT = iphoneos;
				SWIFT_ACTIVE_COMPILATION_CONDITIONS = DEBUG;
				SWIFT_OPTIMIZATION_LEVEL = "-Onone";
			};
			name = Debug;
		};
		66112631284BE5C100F60DE0 /* Release */ = {
			isa = XCBuildConfiguration;
			buildSettings = {
				ALWAYS_SEARCH_USER_PATHS = NO;
				CLANG_ANALYZER_NONNULL = YES;
				CLANG_ANALYZER_NUMBER_OBJECT_CONVERSION = YES_AGGRESSIVE;
				CLANG_CXX_LANGUAGE_STANDARD = "gnu++17";
				CLANG_ENABLE_MODULES = YES;
				CLANG_ENABLE_OBJC_ARC = YES;
				CLANG_ENABLE_OBJC_WEAK = YES;
				CLANG_WARN_BLOCK_CAPTURE_AUTORELEASING = YES;
				CLANG_WARN_BOOL_CONVERSION = YES;
				CLANG_WARN_COMMA = YES;
				CLANG_WARN_CONSTANT_CONVERSION = YES;
				CLANG_WARN_DEPRECATED_OBJC_IMPLEMENTATIONS = YES;
				CLANG_WARN_DIRECT_OBJC_ISA_USAGE = YES_ERROR;
				CLANG_WARN_DOCUMENTATION_COMMENTS = YES;
				CLANG_WARN_EMPTY_BODY = YES;
				CLANG_WARN_ENUM_CONVERSION = YES;
				CLANG_WARN_INFINITE_RECURSION = YES;
				CLANG_WARN_INT_CONVERSION = YES;
				CLANG_WARN_NON_LITERAL_NULL_CONVERSION = YES;
				CLANG_WARN_OBJC_IMPLICIT_RETAIN_SELF = YES;
				CLANG_WARN_OBJC_LITERAL_CONVERSION = YES;
				CLANG_WARN_OBJC_ROOT_CLASS = YES_ERROR;
				CLANG_WARN_QUOTED_INCLUDE_IN_FRAMEWORK_HEADER = YES;
				CLANG_WARN_RANGE_LOOP_ANALYSIS = YES;
				CLANG_WARN_STRICT_PROTOTYPES = YES;
				CLANG_WARN_SUSPICIOUS_MOVE = YES;
				CLANG_WARN_UNGUARDED_AVAILABILITY = YES_AGGRESSIVE;
				CLANG_WARN_UNREACHABLE_CODE = YES;
				CLANG_WARN__DUPLICATE_METHOD_MATCH = YES;
				COPY_PHASE_STRIP = NO;
				DEBUG_INFORMATION_FORMAT = "dwarf-with-dsym";
				ENABLE_NS_ASSERTIONS = NO;
				ENABLE_STRICT_OBJC_MSGSEND = YES;
				GCC_C_LANGUAGE_STANDARD = gnu11;
				GCC_NO_COMMON_BLOCKS = YES;
				GCC_WARN_64_TO_32_BIT_CONVERSION = YES;
				GCC_WARN_ABOUT_RETURN_TYPE = YES_ERROR;
				GCC_WARN_UNDECLARED_SELECTOR = YES;
				GCC_WARN_UNINITIALIZED_AUTOS = YES_AGGRESSIVE;
				GCC_WARN_UNUSED_FUNCTION = YES;
				GCC_WARN_UNUSED_VARIABLE = YES;
				IPHONEOS_DEPLOYMENT_TARGET = 15.5;
				MTL_ENABLE_DEBUG_INFO = NO;
				MTL_FAST_MATH = YES;
				SDKROOT = iphoneos;
				SWIFT_COMPILATION_MODE = wholemodule;
				SWIFT_OPTIMIZATION_LEVEL = "-O";
				VALIDATE_PRODUCT = YES;
			};
			name = Release;
		};
		66112633284BE5C100F60DE0 /* Debug */ = {
			isa = XCBuildConfiguration;
			buildSettings = {
				ASSETCATALOG_COMPILER_APPICON_NAME = AppIcon;
				ASSETCATALOG_COMPILER_GLOBAL_ACCENT_COLOR_NAME = AccentColor;
				CODE_SIGN_STYLE = Automatic;
				CURRENT_PROJECT_VERSION = 1;
				DEVELOPMENT_TEAM = 4XBFV98QXW;
				GENERATE_INFOPLIST_FILE = YES;
				INFOPLIST_FILE = WeatherListing/Info.plist;
				INFOPLIST_KEY_UIApplicationSupportsIndirectInputEvents = YES;
				INFOPLIST_KEY_UILaunchStoryboardName = LaunchScreen;
				INFOPLIST_KEY_UIMainStoryboardFile = Main;
				INFOPLIST_KEY_UISupportedInterfaceOrientations_iPad = "UIInterfaceOrientationPortrait UIInterfaceOrientationPortraitUpsideDown UIInterfaceOrientationLandscapeLeft UIInterfaceOrientationLandscapeRight";
				INFOPLIST_KEY_UISupportedInterfaceOrientations_iPhone = "UIInterfaceOrientationPortrait UIInterfaceOrientationLandscapeLeft UIInterfaceOrientationLandscapeRight";
				LD_RUNPATH_SEARCH_PATHS = (
					"$(inherited)",
					"@executable_path/Frameworks",
				);
				MARKETING_VERSION = 1.0;
				PRODUCT_BUNDLE_IDENTIFIER = com.fat.HL.WeatherListing;
				PRODUCT_NAME = "$(TARGET_NAME)";
				SWIFT_EMIT_LOC_STRINGS = YES;
				SWIFT_VERSION = 5.0;
				TARGETED_DEVICE_FAMILY = "1,2";
			};
			name = Debug;
		};
		66112634284BE5C100F60DE0 /* Release */ = {
			isa = XCBuildConfiguration;
			buildSettings = {
				ASSETCATALOG_COMPILER_APPICON_NAME = AppIcon;
				ASSETCATALOG_COMPILER_GLOBAL_ACCENT_COLOR_NAME = AccentColor;
				CODE_SIGN_STYLE = Automatic;
				CURRENT_PROJECT_VERSION = 1;
				DEVELOPMENT_TEAM = 4XBFV98QXW;
				GENERATE_INFOPLIST_FILE = YES;
				INFOPLIST_FILE = WeatherListing/Info.plist;
				INFOPLIST_KEY_UIApplicationSupportsIndirectInputEvents = YES;
				INFOPLIST_KEY_UILaunchStoryboardName = LaunchScreen;
				INFOPLIST_KEY_UIMainStoryboardFile = Main;
				INFOPLIST_KEY_UISupportedInterfaceOrientations_iPad = "UIInterfaceOrientationPortrait UIInterfaceOrientationPortraitUpsideDown UIInterfaceOrientationLandscapeLeft UIInterfaceOrientationLandscapeRight";
				INFOPLIST_KEY_UISupportedInterfaceOrientations_iPhone = "UIInterfaceOrientationPortrait UIInterfaceOrientationLandscapeLeft UIInterfaceOrientationLandscapeRight";
				LD_RUNPATH_SEARCH_PATHS = (
					"$(inherited)",
					"@executable_path/Frameworks",
				);
				MARKETING_VERSION = 1.0;
				PRODUCT_BUNDLE_IDENTIFIER = com.fat.HL.WeatherListing;
				PRODUCT_NAME = "$(TARGET_NAME)";
				SWIFT_EMIT_LOC_STRINGS = YES;
				SWIFT_VERSION = 5.0;
				TARGETED_DEVICE_FAMILY = "1,2";
			};
			name = Release;
		};
/* End XCBuildConfiguration section */

/* Begin XCConfigurationList section */
		66112619284BE5C000F60DE0 /* Build configuration list for PBXProject "WeatherListing" */ = {
			isa = XCConfigurationList;
			buildConfigurations = (
				66112630284BE5C100F60DE0 /* Debug */,
				66112631284BE5C100F60DE0 /* Release */,
			);
			defaultConfigurationIsVisible = 0;
			defaultConfigurationName = Release;
		};
		66112632284BE5C100F60DE0 /* Build configuration list for PBXNativeTarget "WeatherListing" */ = {
			isa = XCConfigurationList;
			buildConfigurations = (
				66112633284BE5C100F60DE0 /* Debug */,
				66112634284BE5C100F60DE0 /* Release */,
			);
			defaultConfigurationIsVisible = 0;
			defaultConfigurationName = Release;
		};
/* End XCConfigurationList section */
	};
	rootObject = 66112616284BE5C000F60DE0 /* Project object */;
}
